{
    "compile": {
        "com.netflix.hystrix:hystrix-core": {
            "locked": "1.5.6"
        },
        "com.netflix.hystrix:hystrix-serialization": {
            "locked": "1.5.6"
        },
        "io.vertx:vertx-core": {
            "locked": "3.3.3"
        },
        "io.vertx:vertx-rx-java": {
            "locked": "3.3.3"
        },
        "io.vertx:vertx-web": {
            "locked": "3.3.3"
        }
    },
    "compileClasspath": {
        "com.netflix.hystrix:hystrix-core": {
            "locked": "1.5.6"
        },
        "com.netflix.hystrix:hystrix-serialization": {
            "locked": "1.5.6"
        },
        "io.vertx:vertx-core": {
            "locked": "3.3.3"
        },
        "io.vertx:vertx-rx-java": {
            "locked": "3.3.3"
        },
        "io.vertx:vertx-web": {
            "locked": "3.3.3"
        }
    },
    "compileOnly": {
        "com.netflix.hystrix:hystrix-core": {
            "locked": "1.5.6"
        },
        "com.netflix.hystrix:hystrix-serialization": {
            "locked": "1.5.6"
        },
        "io.vertx:vertx-core": {
            "locked": "3.3.3"
        },
        "io.vertx:vertx-rx-java": {
            "locked": "3.3.3"
        },
        "io.vertx:vertx-web": {
            "locked": "3.3.3"
        }
    },
    "default": {
        "com.netflix.hystrix:hystrix-core": {
            "locked": "1.5.6"
        },
        "com.netflix.hystrix:hystrix-serialization": {
            "locked": "1.5.6"
        },
        "io.vertx:vertx-core": {
            "locked": "3.3.3"
        },
        "io.vertx:vertx-rx-java": {
            "locked": "3.3.3"
        },
        "io.vertx:vertx-web": {
            "locked": "3.3.3"
        }
    },
    "findbugs": {
        "com.google.code.findbugs:findbugs": {
            "locked": "3.0.1"
        }
    },
    "pmd": {
        "net.sourceforge.pmd:pmd-java": {
            "locked": "5.5.1"
        }
    },
    "runtime": {
        "com.netflix.hystrix:hystrix-core": {
            "locked": "1.5.6"
        },
        "com.netflix.hystrix:hystrix-serialization": {
            "locked": "1.5.6"
        },
        "io.vertx:vertx-core": {
            "locked": "3.3.3"
        },
        "io.vertx:vertx-rx-java": {
            "locked": "3.3.3"
        },
        "io.vertx:vertx-web": {
            "locked": "3.3.3"
        }
    },
    "testCompile": {
        "com.netflix.hystrix:hystrix-core": {
            "locked": "1.5.6"
        },
        "com.netflix.hystrix:hystrix-serialization": {
            "locked": "1.5.6"
        },
        "io.vertx:vertx-core": {
            "locked": "3.3.3"
        },
        "io.vertx:vertx-rx-java": {
            "locked": "3.3.3"
        },
        "io.vertx:vertx-unit": {
            "locked": "3.3.3"
        },
        "io.vertx:vertx-web": {
            "locked": "3.3.3"
        },
        "junit:junit": {
            "locked": "4.12"
        }
    },
    "testCompileClasspath": {
        "com.netflix.hystrix:hystrix-core": {
            "locked": "1.5.6"
        },
        "com.netflix.hystrix:hystrix-serialization": {
            "locked": "1.5.6"
        },
        "io.vertx:vertx-core": {
            "locked": "3.3.3"
        },
        "io.vertx:vertx-rx-java": {
            "locked": "3.3.3"
        },
        "io.vertx:vertx-unit": {
            "locked": "3.3.3"
        },
        "io.vertx:vertx-web": {
            "locked": "3.3.3"
        },
        "junit:junit": {
            "locked": "4.12"
        }
    },
    "testCompileOnly": {
        "com.netflix.hystrix:hystrix-core": {
            "locked": "1.5.6"
        },
        "com.netflix.hystrix:hystrix-serialization": {
            "locked": "1.5.6"
        },
        "io.vertx:vertx-core": {
            "locked": "3.3.3"
        },
        "io.vertx:vertx-rx-java": {
            "locked": "3.3.3"
        },
        "io.vertx:vertx-unit": {
            "locked": "3.3.3"
        },
        "io.vertx:vertx-web": {
            "locked": "3.3.3"
        },
        "junit:junit": {
            "locked": "4.12"
        }
    },
    "testRuntime": {
        "com.netflix.hystrix:hystrix-core": {
            "locked": "1.5.6"
        },
        "com.netflix.hystrix:hystrix-serialization": {
            "locked": "1.5.6"
        },
        "io.vertx:vertx-core": {
            "locked": "3.3.3"
        },
        "io.vertx:vertx-rx-java": {
            "locked": "3.3.3"
        },
        "io.vertx:vertx-unit": {
            "locked": "3.3.3"
        },
        "io.vertx:vertx-web": {
            "locked": "3.3.3"
        },
        "junit:junit": {
            "locked": "4.12"
        }
    }
}